// !$*UTF8*$!
{
	archiveVersion = 1;
	classes = {
	};
	objectVersion = 56;
	objects = {

/* Begin PBXBuildFile section */
		669FBBED2A7CAE7D002FE428 /* AppDelegate.swift in Sources */ = {isa = PBXBuildFile; fileRef = 669FBBEC2A7CAE7D002FE428 /* AppDelegate.swift */; };
		669FBBEF2A7CAE7D002FE428 /* SceneDelegate.swift in Sources */ = {isa = PBXBuildFile; fileRef = 669FBBEE2A7CAE7D002FE428 /* SceneDelegate.swift */; };
		669FBBF62A7CAE7D002FE428 /* Assets.xcassets in Resources */ = {isa = PBXBuildFile; fileRef = 669FBBF52A7CAE7D002FE428 /* Assets.xcassets */; };
		669FBBF92A7CAE7D002FE428 /* LaunchScreen.storyboard in Resources */ = {isa = PBXBuildFile; fileRef = 669FBBF72A7CAE7D002FE428 /* LaunchScreen.storyboard */; };
		669FBC0B2A7CB65F002FE428 /* Alamofire in Frameworks */ = {isa = PBXBuildFile; productRef = 669FBC0A2A7CB65F002FE428 /* Alamofire */; };
		669FBC132A7CB977002FE428 /* BoardViewController.swift in Sources */ = {isa = PBXBuildFile; fileRef = 669FBC122A7CB977002FE428 /* BoardViewController.swift */; };
		669FBC162A7CBA23002FE428 /* UIView+.swift in Sources */ = {isa = PBXBuildFile; fileRef = 669FBC152A7CBA23002FE428 /* UIView+.swift */; };
		669FBC1C2A7CBBB8002FE428 /* .swiftLint.yml in Resources */ = {isa = PBXBuildFile; fileRef = 669FBC1B2A7CBBB8002FE428 /* .swiftLint.yml */; };
		669FBC1F2A7CBF57002FE428 /* BoardViewModel.swift in Sources */ = {isa = PBXBuildFile; fileRef = 669FBC1E2A7CBF57002FE428 /* BoardViewModel.swift */; };
		669FBC212A7CC00B002FE428 /* BoardTableViewCell.swift in Sources */ = {isa = PBXBuildFile; fileRef = 669FBC202A7CC00B002FE428 /* BoardTableViewCell.swift */; };
		669FBC2A2A7CC5E0002FE428 /* Boards.swift in Sources */ = {isa = PBXBuildFile; fileRef = 669FBC292A7CC5E0002FE428 /* Boards.swift */; };
		669FBC2C2A7CC637002FE428 /* Posts.swift in Sources */ = {isa = PBXBuildFile; fileRef = 669FBC2B2A7CC637002FE428 /* Posts.swift */; };
		669FBC2E2A7CC6E2002FE428 /* SearchResults.swift in Sources */ = {isa = PBXBuildFile; fileRef = 669FBC2D2A7CC6E2002FE428 /* SearchResults.swift */; };
		669FBC322A7CC81A002FE428 /* NetworkService.swift in Sources */ = {isa = PBXBuildFile; fileRef = 669FBC312A7CC81A002FE428 /* NetworkService.swift */; };
		669FBC342A7CC8D1002FE428 /* Constants.swift in Sources */ = {isa = PBXBuildFile; fileRef = 669FBC332A7CC8D1002FE428 /* Constants.swift */; };
		669FBC362A7CF69B002FE428 /* Main.storyboard in Resources */ = {isa = PBXBuildFile; fileRef = 669FBC352A7CF69B002FE428 /* Main.storyboard */; };
		669FBC382A7CFDE4002FE428 /* ModalBoardsViewController.swift in Sources */ = {isa = PBXBuildFile; fileRef = 669FBC372A7CFDE4002FE428 /* ModalBoardsViewController.swift */; };
		669FBC3A2A7D03A4002FE428 /* ModalBoardsTableViewCell.swift in Sources */ = {isa = PBXBuildFile; fileRef = 669FBC392A7D03A4002FE428 /* ModalBoardsTableViewCell.swift */; };
		669FBC3C2A7D0983002FE428 /* ModalBoardsViewModel.swift in Sources */ = {isa = PBXBuildFile; fileRef = 669FBC3B2A7D0983002FE428 /* ModalBoardsViewModel.swift */; };
		669FBC3E2A7D7689002FE428 /* ModalBoardsDelegate.swift in Sources */ = {isa = PBXBuildFile; fileRef = 669FBC3D2A7D7689002FE428 /* ModalBoardsDelegate.swift */; };
		669FBC402A7D87D2002FE428 /* BoardTableCellViewModel.swift in Sources */ = {isa = PBXBuildFile; fileRef = 669FBC3F2A7D87D2002FE428 /* BoardTableCellViewModel.swift */; };
		669FBC422A7E10A2002FE428 /* Date+.swift in Sources */ = {isa = PBXBuildFile; fileRef = 669FBC412A7E10A2002FE428 /* Date+.swift */; };
		669FBC482A7E9FC3002FE428 /* PostSearchController.swift in Sources */ = {isa = PBXBuildFile; fileRef = 669FBC472A7E9FC3002FE428 /* PostSearchController.swift */; };
		669FBC4B2A7EAD88002FE428 /* PostSearchTableViewCell.swift in Sources */ = {isa = PBXBuildFile; fileRef = 669FBC4A2A7EAD88002FE428 /* PostSearchTableViewCell.swift */; };
		669FBC4E2A7EB5D9002FE428 /* SearchPostViewModel.swift in Sources */ = {isa = PBXBuildFile; fileRef = 669FBC4D2A7EB5D9002FE428 /* SearchPostViewModel.swift */; };
		669FBC502A7EC4A1002FE428 /* SearchResultTableViewCell.swift in Sources */ = {isa = PBXBuildFile; fileRef = 669FBC4F2A7EC4A1002FE428 /* SearchResultTableViewCell.swift */; };
		669FBC522A7ED490002FE428 /* UILabel+.swift in Sources */ = {isa = PBXBuildFile; fileRef = 669FBC512A7ED490002FE428 /* UILabel+.swift */; };
/* End PBXBuildFile section */

/* Begin PBXCopyFilesBuildPhase section */
		669FBC182A7CBACD002FE428 /* Embed Frameworks */ = {
			isa = PBXCopyFilesBuildPhase;
			buildActionMask = 2147483647;
			dstPath = "";
			dstSubfolderSpec = 10;
			files = (
			);
			name = "Embed Frameworks";
			runOnlyForDeploymentPostprocessing = 0;
		};
/* End PBXCopyFilesBuildPhase section */

/* Begin PBXFileReference section */
		669FBBE92A7CAE7D002FE428 /* MailPlug.app */ = {isa = PBXFileReference; explicitFileType = wrapper.application; includeInIndex = 0; path = MailPlug.app; sourceTree = BUILT_PRODUCTS_DIR; };
		669FBBEC2A7CAE7D002FE428 /* AppDelegate.swift */ = {isa = PBXFileReference; lastKnownFileType = sourcecode.swift; path = AppDelegate.swift; sourceTree = "<group>"; };
		669FBBEE2A7CAE7D002FE428 /* SceneDelegate.swift */ = {isa = PBXFileReference; lastKnownFileType = sourcecode.swift; path = SceneDelegate.swift; sourceTree = "<group>"; };
		669FBBF52A7CAE7D002FE428 /* Assets.xcassets */ = {isa = PBXFileReference; lastKnownFileType = folder.assetcatalog; path = Assets.xcassets; sourceTree = "<group>"; };
		669FBBF82A7CAE7D002FE428 /* Base */ = {isa = PBXFileReference; lastKnownFileType = file.storyboard; name = Base; path = Base.lproj/LaunchScreen.storyboard; sourceTree = "<group>"; };
		669FBBFA2A7CAE7D002FE428 /* Info.plist */ = {isa = PBXFileReference; lastKnownFileType = text.plist.xml; path = Info.plist; sourceTree = "<group>"; };
		669FBC122A7CB977002FE428 /* BoardViewController.swift */ = {isa = PBXFileReference; lastKnownFileType = sourcecode.swift; path = BoardViewController.swift; sourceTree = "<group>"; };
		669FBC152A7CBA23002FE428 /* UIView+.swift */ = {isa = PBXFileReference; lastKnownFileType = sourcecode.swift; path = "UIView+.swift"; sourceTree = "<group>"; };
		669FBC1B2A7CBBB8002FE428 /* .swiftLint.yml */ = {isa = PBXFileReference; lastKnownFileType = text.yaml; path = .swiftLint.yml; sourceTree = "<group>"; };
		669FBC1E2A7CBF57002FE428 /* BoardViewModel.swift */ = {isa = PBXFileReference; lastKnownFileType = sourcecode.swift; path = BoardViewModel.swift; sourceTree = "<group>"; };
		669FBC202A7CC00B002FE428 /* BoardTableViewCell.swift */ = {isa = PBXFileReference; lastKnownFileType = sourcecode.swift; path = BoardTableViewCell.swift; sourceTree = "<group>"; };
		669FBC292A7CC5E0002FE428 /* Boards.swift */ = {isa = PBXFileReference; lastKnownFileType = sourcecode.swift; path = Boards.swift; sourceTree = "<group>"; };
		669FBC2B2A7CC637002FE428 /* Posts.swift */ = {isa = PBXFileReference; lastKnownFileType = sourcecode.swift; path = Posts.swift; sourceTree = "<group>"; };
		669FBC2D2A7CC6E2002FE428 /* SearchResults.swift */ = {isa = PBXFileReference; lastKnownFileType = sourcecode.swift; path = SearchResults.swift; sourceTree = "<group>"; };
		669FBC312A7CC81A002FE428 /* NetworkService.swift */ = {isa = PBXFileReference; lastKnownFileType = sourcecode.swift; path = NetworkService.swift; sourceTree = "<group>"; };
		669FBC332A7CC8D1002FE428 /* Constants.swift */ = {isa = PBXFileReference; lastKnownFileType = sourcecode.swift; path = Constants.swift; sourceTree = "<group>"; };
		669FBC352A7CF69B002FE428 /* Main.storyboard */ = {isa = PBXFileReference; lastKnownFileType = file.storyboard; path = Main.storyboard; sourceTree = "<group>"; };
		669FBC372A7CFDE4002FE428 /* ModalBoardsViewController.swift */ = {isa = PBXFileReference; lastKnownFileType = sourcecode.swift; path = ModalBoardsViewController.swift; sourceTree = "<group>"; };
		669FBC392A7D03A4002FE428 /* ModalBoardsTableViewCell.swift */ = {isa = PBXFileReference; lastKnownFileType = sourcecode.swift; path = ModalBoardsTableViewCell.swift; sourceTree = "<group>"; };
		669FBC3B2A7D0983002FE428 /* ModalBoardsViewModel.swift */ = {isa = PBXFileReference; lastKnownFileType = sourcecode.swift; path = ModalBoardsViewModel.swift; sourceTree = "<group>"; };
		669FBC3D2A7D7689002FE428 /* ModalBoardsDelegate.swift */ = {isa = PBXFileReference; lastKnownFileType = sourcecode.swift; path = ModalBoardsDelegate.swift; sourceTree = "<group>"; };
		669FBC3F2A7D87D2002FE428 /* BoardTableCellViewModel.swift */ = {isa = PBXFileReference; lastKnownFileType = sourcecode.swift; path = BoardTableCellViewModel.swift; sourceTree = "<group>"; };
		669FBC412A7E10A2002FE428 /* Date+.swift */ = {isa = PBXFileReference; lastKnownFileType = sourcecode.swift; path = "Date+.swift"; sourceTree = "<group>"; };
		669FBC472A7E9FC3002FE428 /* PostSearchController.swift */ = {isa = PBXFileReference; lastKnownFileType = sourcecode.swift; path = PostSearchController.swift; sourceTree = "<group>"; };
		669FBC4A2A7EAD88002FE428 /* PostSearchTableViewCell.swift */ = {isa = PBXFileReference; lastKnownFileType = sourcecode.swift; path = PostSearchTableViewCell.swift; sourceTree = "<group>"; };
		669FBC4D2A7EB5D9002FE428 /* SearchPostViewModel.swift */ = {isa = PBXFileReference; lastKnownFileType = sourcecode.swift; path = SearchPostViewModel.swift; sourceTree = "<group>"; };
		669FBC4F2A7EC4A1002FE428 /* SearchResultTableViewCell.swift */ = {isa = PBXFileReference; lastKnownFileType = sourcecode.swift; path = SearchResultTableViewCell.swift; sourceTree = "<group>"; };
		669FBC512A7ED490002FE428 /* UILabel+.swift */ = {isa = PBXFileReference; lastKnownFileType = sourcecode.swift; path = "UILabel+.swift"; sourceTree = "<group>"; };
/* End PBXFileReference section */

/* Begin PBXFrameworksBuildPhase section */
		669FBBE62A7CAE7D002FE428 /* Frameworks */ = {
			isa = PBXFrameworksBuildPhase;
			buildActionMask = 2147483647;
			files = (
				669FBC0B2A7CB65F002FE428 /* Alamofire in Frameworks */,
			);
			runOnlyForDeploymentPostprocessing = 0;
		};
/* End PBXFrameworksBuildPhase section */

/* Begin PBXGroup section */
		669FBBE02A7CAE7D002FE428 = {
			isa = PBXGroup;
			children = (
				669FBC1B2A7CBBB8002FE428 /* .swiftLint.yml */,
				669FBBEB2A7CAE7D002FE428 /* MailPlug */,
				669FBBEA2A7CAE7D002FE428 /* Products */,
			);
			sourceTree = "<group>";
		};
		669FBBEA2A7CAE7D002FE428 /* Products */ = {
			isa = PBXGroup;
			children = (
				669FBBE92A7CAE7D002FE428 /* MailPlug.app */,
			);
			name = Products;
			sourceTree = "<group>";
		};
		669FBBEB2A7CAE7D002FE428 /* MailPlug */ = {
			isa = PBXGroup;
			children = (
				669FBC282A7CC5D8002FE428 /* Model */,
				669FBC232A7CC1F4002FE428 /* Protocol */,
				669FBC222A7CC1EF002FE428 /* Extension */,
				669FBC1D2A7CBC37002FE428 /* AppFiles */,
				669FBC142A7CBA06002FE428 /* Utils */,
				669FBC112A7CB93C002FE428 /* API */,
				669FBC102A7CB935002FE428 /* ViewModel */,
				669FBC0F2A7CB932002FE428 /* View */,
				669FBBF52A7CAE7D002FE428 /* Assets.xcassets */,
				669FBBFA2A7CAE7D002FE428 /* Info.plist */,
			);
			path = MailPlug;
			sourceTree = "<group>";
		};
		669FBC0F2A7CB932002FE428 /* View */ = {
			isa = PBXGroup;
			children = (
				669FBC492A7EAD68002FE428 /* PostSearchView */,
				669FBC442A7E960A002FE428 /* BoardView */,
				669FBC432A7E95FC002FE428 /* ModalBoardsView */,
			);
			path = View;
			sourceTree = "<group>";
		};
		669FBC102A7CB935002FE428 /* ViewModel */ = {
			isa = PBXGroup;
			children = (
				669FBC4C2A7EB5CA002FE428 /* SearchPostViewModel */,
				669FBC462A7E961E002FE428 /* ModalboardsViewModel */,
				669FBC452A7E9616002FE428 /* BoardViewModel */,
			);
			path = ViewModel;
			sourceTree = "<group>";
		};
		669FBC112A7CB93C002FE428 /* API */ = {
			isa = PBXGroup;
			children = (
				669FBC312A7CC81A002FE428 /* NetworkService.swift */,
			);
			path = API;
			sourceTree = "<group>";
		};
		669FBC142A7CBA06002FE428 /* Utils */ = {
			isa = PBXGroup;
			children = (
				669FBC152A7CBA23002FE428 /* UIView+.swift */,
				669FBC332A7CC8D1002FE428 /* Constants.swift */,
			);
			path = Utils;
			sourceTree = "<group>";
		};
		669FBC1D2A7CBC37002FE428 /* AppFiles */ = {
			isa = PBXGroup;
			children = (
				669FBBEC2A7CAE7D002FE428 /* AppDelegate.swift */,
				669FBBEE2A7CAE7D002FE428 /* SceneDelegate.swift */,
				669FBBF72A7CAE7D002FE428 /* LaunchScreen.storyboard */,
				669FBC352A7CF69B002FE428 /* Main.storyboard */,
			);
			path = AppFiles;
			sourceTree = "<group>";
		};
		669FBC222A7CC1EF002FE428 /* Extension */ = {
			isa = PBXGroup;
			children = (
				669FBC412A7E10A2002FE428 /* Date+.swift */,
				669FBC512A7ED490002FE428 /* UILabel+.swift */,
			);
			path = Extension;
			sourceTree = "<group>";
		};
		669FBC232A7CC1F4002FE428 /* Protocol */ = {
			isa = PBXGroup;
			children = (
				669FBC3D2A7D7689002FE428 /* ModalBoardsDelegate.swift */,
			);
			path = Protocol;
			sourceTree = "<group>";
		};
		669FBC282A7CC5D8002FE428 /* Model */ = {
			isa = PBXGroup;
			children = (
				669FBC292A7CC5E0002FE428 /* Boards.swift */,
				669FBC2B2A7CC637002FE428 /* Posts.swift */,
				669FBC2D2A7CC6E2002FE428 /* SearchResults.swift */,
			);
			path = Model;
			sourceTree = "<group>";
		};
		669FBC432A7E95FC002FE428 /* ModalBoardsView */ = {
			isa = PBXGroup;
			children = (
				669FBC372A7CFDE4002FE428 /* ModalBoardsViewController.swift */,
				669FBC392A7D03A4002FE428 /* ModalBoardsTableViewCell.swift */,
			);
			path = ModalBoardsView;
			sourceTree = "<group>";
		};
		669FBC442A7E960A002FE428 /* BoardView */ = {
			isa = PBXGroup;
			children = (
				669FBC122A7CB977002FE428 /* BoardViewController.swift */,
				669FBC202A7CC00B002FE428 /* BoardTableViewCell.swift */,
			);
			path = BoardView;
			sourceTree = "<group>";
		};
		669FBC452A7E9616002FE428 /* BoardViewModel */ = {
			isa = PBXGroup;
			children = (
				669FBC1E2A7CBF57002FE428 /* BoardViewModel.swift */,
				669FBC3F2A7D87D2002FE428 /* BoardTableCellViewModel.swift */,
			);
			path = BoardViewModel;
			sourceTree = "<group>";
		};
		669FBC462A7E961E002FE428 /* ModalboardsViewModel */ = {
			isa = PBXGroup;
			children = (
				669FBC3B2A7D0983002FE428 /* ModalBoardsViewModel.swift */,
			);
			path = ModalboardsViewModel;
			sourceTree = "<group>";
		};
		669FBC492A7EAD68002FE428 /* PostSearchView */ = {
			isa = PBXGroup;
			children = (
				669FBC472A7E9FC3002FE428 /* PostSearchController.swift */,
				669FBC4A2A7EAD88002FE428 /* PostSearchTableViewCell.swift */,
				669FBC4F2A7EC4A1002FE428 /* SearchResultTableViewCell.swift */,
			);
			path = PostSearchView;
			sourceTree = "<group>";
		};
		669FBC4C2A7EB5CA002FE428 /* SearchPostViewModel */ = {
			isa = PBXGroup;
			children = (
				669FBC4D2A7EB5D9002FE428 /* SearchPostViewModel.swift */,
			);
			path = SearchPostViewModel;
			sourceTree = "<group>";
		};
/* End PBXGroup section */

/* Begin PBXNativeTarget section */
		669FBBE82A7CAE7D002FE428 /* MailPlug */ = {
			isa = PBXNativeTarget;
			buildConfigurationList = 669FBBFD2A7CAE7D002FE428 /* Build configuration list for PBXNativeTarget "MailPlug" */;
			buildPhases = (
				669FBBE52A7CAE7D002FE428 /* Sources */,
				669FBBE62A7CAE7D002FE428 /* Frameworks */,
				669FBBE72A7CAE7D002FE428 /* Resources */,
				669FBC182A7CBACD002FE428 /* Embed Frameworks */,
				669FBC1A2A7CBB73002FE428 /* ShellScript */,
			);
			buildRules = (
			);
			dependencies = (
			);
			name = MailPlug;
			packageProductDependencies = (
				669FBC0A2A7CB65F002FE428 /* Alamofire */,
			);
			productName = MailPlug;
			productReference = 669FBBE92A7CAE7D002FE428 /* MailPlug.app */;
			productType = "com.apple.product-type.application";
		};
/* End PBXNativeTarget section */

/* Begin PBXProject section */
		669FBBE12A7CAE7D002FE428 /* Project object */ = {
			isa = PBXProject;
			attributes = {
				BuildIndependentTargetsInParallel = 1;
				LastSwiftUpdateCheck = 1430;
				LastUpgradeCheck = 1430;
				TargetAttributes = {
					669FBBE82A7CAE7D002FE428 = {
						CreatedOnToolsVersion = 14.3.1;
					};
				};
			};
			buildConfigurationList = 669FBBE42A7CAE7D002FE428 /* Build configuration list for PBXProject "MailPlug" */;
			compatibilityVersion = "Xcode 14.0";
			developmentRegion = en;
			hasScannedForEncodings = 0;
			knownRegions = (
				en,
				Base,
			);
			mainGroup = 669FBBE02A7CAE7D002FE428;
			packageReferences = (
				669FBC092A7CB65F002FE428 /* XCRemoteSwiftPackageReference "Alamofire" */,
			);
			productRefGroup = 669FBBEA2A7CAE7D002FE428 /* Products */;
			projectDirPath = "";
			projectRoot = "";
			targets = (
				669FBBE82A7CAE7D002FE428 /* MailPlug */,
			);
		};
/* End PBXProject section */

/* Begin PBXResourcesBuildPhase section */
		669FBBE72A7CAE7D002FE428 /* Resources */ = {
			isa = PBXResourcesBuildPhase;
			buildActionMask = 2147483647;
			files = (
				669FBC1C2A7CBBB8002FE428 /* .swiftLint.yml in Resources */,
				669FBBF92A7CAE7D002FE428 /* LaunchScreen.storyboard in Resources */,
				669FBBF62A7CAE7D002FE428 /* Assets.xcassets in Resources */,
				669FBC362A7CF69B002FE428 /* Main.storyboard in Resources */,
			);
			runOnlyForDeploymentPostprocessing = 0;
		};
/* End PBXResourcesBuildPhase section */

/* Begin PBXShellScriptBuildPhase section */
		669FBC1A2A7CBB73002FE428 /* ShellScript */ = {
			isa = PBXShellScriptBuildPhase;
			alwaysOutOfDate = 1;
			buildActionMask = 2147483647;
			files = (
			);
			inputFileListPaths = (
			);
			inputPaths = (
			);
			outputFileListPaths = (
			);
			outputPaths = (
			);
			runOnlyForDeploymentPostprocessing = 0;
			shellPath = /bin/sh;
			shellScript = "# Type a script or drag a script file from your workspace to insert its path.\nif test -d \"/opt/homebrew/bin/\"; then\n  PATH=\"/opt/homebrew/bin/:${PATH}\"\nfi\n\nexport PATH\n\nif which swiftlint >/dev/null; then\n  swiftlint\nelse\n  echo \"warning: SwiftLint not installed, download from https://github.com/realm/SwiftLint\"\nfi\n";
		};
/* End PBXShellScriptBuildPhase section */

/* Begin PBXSourcesBuildPhase section */
		669FBBE52A7CAE7D002FE428 /* Sources */ = {
			isa = PBXSourcesBuildPhase;
			buildActionMask = 2147483647;
			files = (
				669FBC2E2A7CC6E2002FE428 /* SearchResults.swift in Sources */,
				669FBC382A7CFDE4002FE428 /* ModalBoardsViewController.swift in Sources */,
				669FBBED2A7CAE7D002FE428 /* AppDelegate.swift in Sources */,
				669FBC482A7E9FC3002FE428 /* PostSearchController.swift in Sources */,
				669FBBEF2A7CAE7D002FE428 /* SceneDelegate.swift in Sources */,
				669FBC4B2A7EAD88002FE428 /* PostSearchTableViewCell.swift in Sources */,
				669FBC3A2A7D03A4002FE428 /* ModalBoardsTableViewCell.swift in Sources */,
				669FBC132A7CB977002FE428 /* BoardViewController.swift in Sources */,
				669FBC522A7ED490002FE428 /* UILabel+.swift in Sources */,
				669FBC162A7CBA23002FE428 /* UIView+.swift in Sources */,
				669FBC212A7CC00B002FE428 /* BoardTableViewCell.swift in Sources */,
				669FBC2A2A7CC5E0002FE428 /* Boards.swift in Sources */,
				669FBC1F2A7CBF57002FE428 /* BoardViewModel.swift in Sources */,
				669FBC3E2A7D7689002FE428 /* ModalBoardsDelegate.swift in Sources */,
				669FBC2C2A7CC637002FE428 /* Posts.swift in Sources */,
				669FBC502A7EC4A1002FE428 /* SearchResultTableViewCell.swift in Sources */,
				669FBC422A7E10A2002FE428 /* Date+.swift in Sources */,
				669FBC3C2A7D0983002FE428 /* ModalBoardsViewModel.swift in Sources */,
				669FBC4E2A7EB5D9002FE428 /* SearchPostViewModel.swift in Sources */,
				669FBC402A7D87D2002FE428 /* BoardTableCellViewModel.swift in Sources */,
				669FBC342A7CC8D1002FE428 /* Constants.swift in Sources */,
				669FBC322A7CC81A002FE428 /* NetworkService.swift in Sources */,
			);
			runOnlyForDeploymentPostprocessing = 0;
		};
/* End PBXSourcesBuildPhase section */

/* Begin PBXVariantGroup section */
		669FBBF72A7CAE7D002FE428 /* LaunchScreen.storyboard */ = {
			isa = PBXVariantGroup;
			children = (
				669FBBF82A7CAE7D002FE428 /* Base */,
			);
			name = LaunchScreen.storyboard;
			sourceTree = "<group>";
		};
/* End PBXVariantGroup section */

/* Begin XCBuildConfiguration section */
		669FBBFB2A7CAE7D002FE428 /* Debug */ = {
			isa = XCBuildConfiguration;
			buildSettings = {
				ALWAYS_SEARCH_USER_PATHS = NO;
				CLANG_ANALYZER_NONNULL = YES;
				CLANG_ANALYZER_NUMBER_OBJECT_CONVERSION = YES_AGGRESSIVE;
				CLANG_CXX_LANGUAGE_STANDARD = "gnu++20";
				CLANG_ENABLE_MODULES = YES;
				CLANG_ENABLE_OBJC_ARC = YES;
				CLANG_ENABLE_OBJC_WEAK = YES;
				CLANG_WARN_BLOCK_CAPTURE_AUTORELEASING = YES;
				CLANG_WARN_BOOL_CONVERSION = YES;
				CLANG_WARN_COMMA = YES;
				CLANG_WARN_CONSTANT_CONVERSION = YES;
				CLANG_WARN_DEPRECATED_OBJC_IMPLEMENTATIONS = YES;
				CLANG_WARN_DIRECT_OBJC_ISA_USAGE = YES_ERROR;
				CLANG_WARN_DOCUMENTATION_COMMENTS = YES;
				CLANG_WARN_EMPTY_BODY = YES;
				CLANG_WARN_ENUM_CONVERSION = YES;
				CLANG_WARN_INFINITE_RECURSION = YES;
				CLANG_WARN_INT_CONVERSION = YES;
				CLANG_WARN_NON_LITERAL_NULL_CONVERSION = YES;
				CLANG_WARN_OBJC_IMPLICIT_RETAIN_SELF = YES;
				CLANG_WARN_OBJC_LITERAL_CONVERSION = YES;
				CLANG_WARN_OBJC_ROOT_CLASS = YES_ERROR;
				CLANG_WARN_QUOTED_INCLUDE_IN_FRAMEWORK_HEADER = YES;
				CLANG_WARN_RANGE_LOOP_ANALYSIS = YES;
				CLANG_WARN_STRICT_PROTOTYPES = YES;
				CLANG_WARN_SUSPICIOUS_MOVE = YES;
				CLANG_WARN_UNGUARDED_AVAILABILITY = YES_AGGRESSIVE;
				CLANG_WARN_UNREACHABLE_CODE = YES;
				CLANG_WARN__DUPLICATE_METHOD_MATCH = YES;
				COPY_PHASE_STRIP = NO;
				DEBUG_INFORMATION_FORMAT = dwarf;
				ENABLE_STRICT_OBJC_MSGSEND = YES;
				ENABLE_TESTABILITY = YES;
				GCC_C_LANGUAGE_STANDARD = gnu11;
				GCC_DYNAMIC_NO_PIC = NO;
				GCC_NO_COMMON_BLOCKS = YES;
				GCC_OPTIMIZATION_LEVEL = 0;
				GCC_PREPROCESSOR_DEFINITIONS = (
					"DEBUG=1",
					"$(inherited)",
				);
				GCC_WARN_64_TO_32_BIT_CONVERSION = YES;
				GCC_WARN_ABOUT_RETURN_TYPE = YES_ERROR;
				GCC_WARN_UNDECLARED_SELECTOR = YES;
				GCC_WARN_UNINITIALIZED_AUTOS = YES_AGGRESSIVE;
				GCC_WARN_UNUSED_FUNCTION = YES;
				GCC_WARN_UNUSED_VARIABLE = YES;
				IPHONEOS_DEPLOYMENT_TARGET = 14.0;
				MTL_ENABLE_DEBUG_INFO = INCLUDE_SOURCE;
				MTL_FAST_MATH = YES;
				ONLY_ACTIVE_ARCH = YES;
				SDKROOT = iphoneos;
				SWIFT_ACTIVE_COMPILATION_CONDITIONS = DEBUG;
				SWIFT_OPTIMIZATION_LEVEL = "-Onone";
			};
			name = Debug;
		};
		669FBBFC2A7CAE7D002FE428 /* Release */ = {
			isa = XCBuildConfiguration;
			buildSettings = {
				ALWAYS_SEARCH_USER_PATHS = NO;
				CLANG_ANALYZER_NONNULL = YES;
				CLANG_ANALYZER_NUMBER_OBJECT_CONVERSION = YES_AGGRESSIVE;
				CLANG_CXX_LANGUAGE_STANDARD = "gnu++20";
				CLANG_ENABLE_MODULES = YES;
				CLANG_ENABLE_OBJC_ARC = YES;
				CLANG_ENABLE_OBJC_WEAK = YES;
				CLANG_WARN_BLOCK_CAPTURE_AUTORELEASING = YES;
				CLANG_WARN_BOOL_CONVERSION = YES;
				CLANG_WARN_COMMA = YES;
				CLANG_WARN_CONSTANT_CONVERSION = YES;
				CLANG_WARN_DEPRECATED_OBJC_IMPLEMENTATIONS = YES;
				CLANG_WARN_DIRECT_OBJC_ISA_USAGE = YES_ERROR;
				CLANG_WARN_DOCUMENTATION_COMMENTS = YES;
				CLANG_WARN_EMPTY_BODY = YES;
				CLANG_WARN_ENUM_CONVERSION = YES;
				CLANG_WARN_INFINITE_RECURSION = YES;
				CLANG_WARN_INT_CONVERSION = YES;
				CLANG_WARN_NON_LITERAL_NULL_CONVERSION = YES;
				CLANG_WARN_OBJC_IMPLICIT_RETAIN_SELF = YES;
				CLANG_WARN_OBJC_LITERAL_CONVERSION = YES;
				CLANG_WARN_OBJC_ROOT_CLASS = YES_ERROR;
				CLANG_WARN_QUOTED_INCLUDE_IN_FRAMEWORK_HEADER = YES;
				CLANG_WARN_RANGE_LOOP_ANALYSIS = YES;
				CLANG_WARN_STRICT_PROTOTYPES = YES;
				CLANG_WARN_SUSPICIOUS_MOVE = YES;
				CLANG_WARN_UNGUARDED_AVAILABILITY = YES_AGGRESSIVE;
				CLANG_WARN_UNREACHABLE_CODE = YES;
				CLANG_WARN__DUPLICATE_METHOD_MATCH = YES;
				COPY_PHASE_STRIP = NO;
				DEBUG_INFORMATION_FORMAT = "dwarf-with-dsym";
				ENABLE_NS_ASSERTIONS = NO;
				ENABLE_STRICT_OBJC_MSGSEND = YES;
				GCC_C_LANGUAGE_STANDARD = gnu11;
				GCC_NO_COMMON_BLOCKS = YES;
				GCC_WARN_64_TO_32_BIT_CONVERSION = YES;
				GCC_WARN_ABOUT_RETURN_TYPE = YES_ERROR;
				GCC_WARN_UNDECLARED_SELECTOR = YES;
				GCC_WARN_UNINITIALIZED_AUTOS = YES_AGGRESSIVE;
				GCC_WARN_UNUSED_FUNCTION = YES;
				GCC_WARN_UNUSED_VARIABLE = YES;
				IPHONEOS_DEPLOYMENT_TARGET = 14.0;
				MTL_ENABLE_DEBUG_INFO = NO;
				MTL_FAST_MATH = YES;
				SDKROOT = iphoneos;
				SWIFT_COMPILATION_MODE = wholemodule;
				SWIFT_OPTIMIZATION_LEVEL = "-O";
				VALIDATE_PRODUCT = YES;
			};
			name = Release;
		};
		669FBBFE2A7CAE7D002FE428 /* Debug */ = {
			isa = XCBuildConfiguration;
			buildSettings = {
				ASSETCATALOG_COMPILER_APPICON_NAME = AppIcon;
				ASSETCATALOG_COMPILER_GLOBAL_ACCENT_COLOR_NAME = AccentColor;
				CODE_SIGN_STYLE = Automatic;
				CURRENT_PROJECT_VERSION = 1;
				DEVELOPMENT_TEAM = RF42434X35;
				GENERATE_INFOPLIST_FILE = YES;
				INFOPLIST_FILE = MailPlug/Info.plist;
				INFOPLIST_KEY_UIApplicationSupportsIndirectInputEvents = YES;
				INFOPLIST_KEY_UILaunchStoryboardName = LaunchScreen;
				INFOPLIST_KEY_UIMainStoryboardFile = Main;
				INFOPLIST_KEY_UISupportedInterfaceOrientations_iPad = "UIInterfaceOrientationPortrait UIInterfaceOrientationPortraitUpsideDown UIInterfaceOrientationLandscapeLeft UIInterfaceOrientationLandscapeRight";
				INFOPLIST_KEY_UISupportedInterfaceOrientations_iPhone = "UIInterfaceOrientationPortrait UIInterfaceOrientationLandscapeLeft UIInterfaceOrientationLandscapeRight";
				IPHONEOS_DEPLOYMENT_TARGET = 14.0;
				LD_RUNPATH_SEARCH_PATHS = (
					"$(inherited)",
					"@executable_path/Frameworks",
				);
				MARKETING_VERSION = 1.0;
				PRODUCT_BUNDLE_IDENTIFIER = com.Taeyoung.MailPlug;
				PRODUCT_NAME = "$(TARGET_NAME)";
				SWIFT_EMIT_LOC_STRINGS = YES;
				SWIFT_VERSION = 5.0;
				TARGETED_DEVICE_FAMILY = "1,2";
			};
			name = Debug;
		};
		669FBBFF2A7CAE7D002FE428 /* Release */ = {
			isa = XCBuildConfiguration;
			buildSettings = {
				ASSETCATALOG_COMPILER_APPICON_NAME = AppIcon;
				ASSETCATALOG_COMPILER_GLOBAL_ACCENT_COLOR_NAME = AccentColor;
				CODE_SIGN_STYLE = Automatic;
				CURRENT_PROJECT_VERSION = 1;
				DEVELOPMENT_TEAM = RF42434X35;
				GENERATE_INFOPLIST_FILE = YES;
				INFOPLIST_FILE = MailPlug/Info.plist;
				INFOPLIST_KEY_UIApplicationSupportsIndirectInputEvents = YES;
				INFOPLIST_KEY_UILaunchStoryboardName = LaunchScreen;
				INFOPLIST_KEY_UIMainStoryboardFile = Main;
				INFOPLIST_KEY_UISupportedInterfaceOrientations_iPad = "UIInterfaceOrientationPortrait UIInterfaceOrientationPortraitUpsideDown UIInterfaceOrientationLandscapeLeft UIInterfaceOrientationLandscapeRight";
				INFOPLIST_KEY_UISupportedInterfaceOrientations_iPhone = "UIInterfaceOrientationPortrait UIInterfaceOrientationLandscapeLeft UIInterfaceOrientationLandscapeRight";
				IPHONEOS_DEPLOYMENT_TARGET = 14.0;
				LD_RUNPATH_SEARCH_PATHS = (
					"$(inherited)",
					"@executable_path/Frameworks",
				);
				MARKETING_VERSION = 1.0;
				PRODUCT_BUNDLE_IDENTIFIER = com.Taeyoung.MailPlug;
				PRODUCT_NAME = "$(TARGET_NAME)";
				SWIFT_EMIT_LOC_STRINGS = YES;
				SWIFT_VERSION = 5.0;
				TARGETED_DEVICE_FAMILY = "1,2";
			};
			name = Release;
		};
/* End XCBuildConfiguration section */

/* Begin XCConfigurationList section */
		669FBBE42A7CAE7D002FE428 /* Build configuration list for PBXProject "MailPlug" */ = {
			isa = XCConfigurationList;
			buildConfigurations = (
				669FBBFB2A7CAE7D002FE428 /* Debug */,
				669FBBFC2A7CAE7D002FE428 /* Release */,
			);
			defaultConfigurationIsVisible = 0;
			defaultConfigurationName = Release;
		};
		669FBBFD2A7CAE7D002FE428 /* Build configuration list for PBXNativeTarget "MailPlug" */ = {
			isa = XCConfigurationList;
			buildConfigurations = (
				669FBBFE2A7CAE7D002FE428 /* Debug */,
				669FBBFF2A7CAE7D002FE428 /* Release */,
			);
			defaultConfigurationIsVisible = 0;
			defaultConfigurationName = Release;
		};
/* End XCConfigurationList section */

/* Begin XCRemoteSwiftPackageReference section */
		669FBC092A7CB65F002FE428 /* XCRemoteSwiftPackageReference "Alamofire" */ = {
			isa = XCRemoteSwiftPackageReference;
			repositoryURL = "https://github.com/Alamofire/Alamofire.git";
			requirement = {
				kind = upToNextMajorVersion;
				minimumVersion = 5.0.0;
			};
		};
/* End XCRemoteSwiftPackageReference section */

/* Begin XCSwiftPackageProductDependency section */
		669FBC0A2A7CB65F002FE428 /* Alamofire */ = {
			isa = XCSwiftPackageProductDependency;
			package = 669FBC092A7CB65F002FE428 /* XCRemoteSwiftPackageReference "Alamofire" */;
			productName = Alamofire;
		};
/* End XCSwiftPackageProductDependency section */
	};
	rootObject = 669FBBE12A7CAE7D002FE428 /* Project object */;
}
